
Microsoft Visual Studio Solution File, Format Version 12.00
# Visual Studio 2012
Project("{FAE04EC0-301F-11D3-BF4B-00C04F79EFBC}") = "BLL.WebApi", "BLL.WebApi\BLL.WebApi.csproj", "{E8A88F19-D73C-47CB-A428-882BBE6C04F9}"
EndProject
Project("{FAE04EC0-301F-11D3-BF4B-00C04F79EFBC}") = "KS.Booking.SDK", "KS.Booking.SDK\KS.Booking.SDK.csproj", "{E3BAE1E3-00E4-4C4C-AA81-6E165D53917C}"
EndProject
Project("{FAE04EC0-301F-11D3-BF4B-00C04F79EFBC}") = "KS.Common.SDK", "KS.Common.SDK\KS.Common.SDK.csproj", "{3196AFCE-F58D-438E-9172-DA19D72EF468}"
EndProject
Project("{FAE04EC0-301F-11D3-BF4B-00C04F79EFBC}") = "KS.Mall.SDK", "KS.Mall.SDK\KS.Mall.SDK.csproj", "{1632D8E9-E4BD-411F-8E36-C1BAD16D4FFB}"
EndProject
Project("{FAE04EC0-301F-11D3-BF4B-00C04F79EFBC}") = "KS.Ticket.SDK", "KS.Ticket.SDK\KS.Ticket.SDK.csproj", "{B904244D-5AFC-4821-99C9-D1A234F3DA53}"
EndProject
Project("{FAE04EC0-301F-11D3-BF4B-00C04F79EFBC}") = "KS.Model", "Model\KS.Model.csproj", "{5658DB08-6FDB-4AE8-8AA6-65F887C74C6A}"
EndProject
Project("{FAE04EC0-301F-11D3-BF4B-00C04F79EFBC}") = "RM.Common", "RM.Common\RM.Common.csproj", "{F1DAC157-5CF0-4ABE-AB30-E1B0EADA5354}"
EndProject
Project("{FAE04EC0-301F-11D3-BF4B-00C04F79EFBC}") = "KS.DataBase", "KS.DataBase\KS.DataBase.csproj", "{66559956-7C7E-4BFA-9CBA-EC173C4A2269}"
EndProject
Global
	GlobalSection(SolutionConfigurationPlatforms) = preSolution
		Debug|Any CPU = Debug|Any CPU
		Release|Any CPU = Release|Any CPU
	EndGlobalSection
	GlobalSection(ProjectConfigurationPlatforms) = postSolution
		{E8A88F19-D73C-47CB-A428-882BBE6C04F9}.Debug|Any CPU.ActiveCfg = Debug|Any CPU
		{E8A88F19-D73C-47CB-A428-882BBE6C04F9}.Debug|Any CPU.Build.0 = Debug|Any CPU
		{E8A88F19-D73C-47CB-A428-882BBE6C04F9}.Release|Any CPU.ActiveCfg = Release|Any CPU
		{E8A88F19-D73C-47CB-A428-882BBE6C04F9}.Release|Any CPU.Build.0 = Release|Any CPU
		{E3BAE1E3-00E4-4C4C-AA81-6E165D53917C}.Debug|Any CPU.ActiveCfg = Debug|Any CPU
		{E3BAE1E3-00E4-4C4C-AA81-6E165D53917C}.Debug|Any CPU.Build.0 = Debug|Any CPU
		{E3BAE1E3-00E4-4C4C-AA81-6E165D53917C}.Release|Any CPU.ActiveCfg = Release|Any CPU
		{E3BAE1E3-00E4-4C4C-AA81-6E165D53917C}.Release|Any CPU.Build.0 = Release|Any CPU
		{3196AFCE-F58D-438E-9172-DA19D72EF468}.Debug|Any CPU.ActiveCfg = Debug|Any CPU
		{3196AFCE-F58D-438E-9172-DA19D72EF468}.Debug|Any CPU.Build.0 = Debug|Any CPU
		{3196AFCE-F58D-438E-9172-DA19D72EF468}.Release|Any CPU.ActiveCfg = Release|Any CPU
		{3196AFCE-F58D-438E-9172-DA19D72EF468}.Release|Any CPU.Build.0 = Release|Any CPU
		{1632D8E9-E4BD-411F-8E36-C1BAD16D4FFB}.Debug|Any CPU.ActiveCfg = Debug|Any CPU
		{1632D8E9-E4BD-411F-8E36-C1BAD16D4FFB}.Debug|Any CPU.Build.0 = Debug|Any CPU
		{1632D8E9-E4BD-411F-8E36-C1BAD16D4FFB}.Release|Any CPU.ActiveCfg = Release|Any CPU
		{1632D8E9-E4BD-411F-8E36-C1BAD16D4FFB}.Release|Any CPU.Build.0 = Release|Any CPU
		{B904244D-5AFC-4821-99C9-D1A234F3DA53}.Debug|Any CPU.ActiveCfg = Debug|Any CPU
		{B904244D-5AFC-4821-99C9-D1A234F3DA53}.Debug|Any CPU.Build.0 = Debug|Any CPU
		{B904244D-5AFC-4821-99C9-D1A234F3DA53}.Release|Any CPU.ActiveCfg = Release|Any CPU
		{B904244D-5AFC-4821-99C9-D1A234F3DA53}.Release|Any CPU.Build.0 = Release|Any CPU
		{5658DB08-6FDB-4AE8-8AA6-65F887C74C6A}.Debug|Any CPU.ActiveCfg = Debug|Any CPU
		{5658DB08-6FDB-4AE8-8AA6-65F887C74C6A}.Debug|Any CPU.Build.0 = Debug|Any CPU
		{5658DB08-6FDB-4AE8-8AA6-65F887C74C6A}.Release|Any CPU.ActiveCfg = Release|Any CPU
		{5658DB08-6FDB-4AE8-8AA6-65F887C74C6A}.Release|Any CPU.Build.0 = Release|Any CPU
		{F1DAC157-5CF0-4ABE-AB30-E1B0EADA5354}.Debug|Any CPU.ActiveCfg = Debug|Any CPU
		{F1DAC157-5CF0-4ABE-AB30-E1B0EADA5354}.Debug|Any CPU.Build.0 = Debug|Any CPU
		{F1DAC157-5CF0-4ABE-AB30-E1B0EADA5354}.Release|Any CPU.ActiveCfg = Release|Any CPU
		{F1DAC157-5CF0-4ABE-AB30-E1B0EADA5354}.Release|Any CPU.Build.0 = Release|Any CPU
		{66559956-7C7E-4BFA-9CBA-EC173C4A2269}.Debug|Any CPU.ActiveCfg = Debug|Any CPU
		{66559956-7C7E-4BFA-9CBA-EC173C4A2269}.Debug|Any CPU.Build.0 = Debug|Any CPU
		{66559956-7C7E-4BFA-9CBA-EC173C4A2269}.Release|Any CPU.ActiveCfg = Release|Any CPU
		{66559956-7C7E-4BFA-9CBA-EC173C4A2269}.Release|Any CPU.Build.0 = Release|Any CPU
	EndGlobalSection
	GlobalSection(SolutionProperties) = preSolution
		HideSolutionNode = FALSE
	EndGlobalSection
EndGlobal
